
Microsoft Visual Studio Solution File, Format Version 12.00
# Visual Studio Version 17
VisualStudioVersion = 17.6.33829.357
MinimumVisualStudioVersion = 10.0.40219.1
Project("{9A19103F-16F7-4668-BE54-9A1E7A4F7556}") = "MagicVilla_VillaApi", "MagicVilla_VillaApi\MagicVilla_VillaApi.csproj", "{97038AF2-216C-47E3-AA33-89BD5FEF90F1}"
EndProject
Project("{FAE04EC0-301F-11D3-BF4B-00C04F79EFBC}") = "MagicVillaMVC", "MagicVillaMVC\MagicVillaMVC.csproj", "{B42D5FE2-C763-4B20-AA5F-048C5D47CFC9}"
EndProject
Global
	GlobalSection(SolutionConfigurationPlatforms) = preSolution
		Debug|Any CPU = Debug|Any CPU
		Release|Any CPU = Release|Any CPU
	EndGlobalSection
	GlobalSection(ProjectConfigurationPlatforms) = postSolution
		{97038AF2-216C-47E3-AA33-89BD5FEF90F1}.Debug|Any CPU.ActiveCfg = Debug|Any CPU
		{97038AF2-216C-47E3-AA33-89BD5FEF90F1}.Debug|Any CPU.Build.0 = Debug|Any CPU
		{97038AF2-216C-47E3-AA33-89BD5FEF90F1}.Release|Any CPU.ActiveCfg = Release|Any CPU
		{97038AF2-216C-47E3-AA33-89BD5FEF90F1}.Release|Any CPU.Build.0 = Release|Any CPU
		{B42D5FE2-C763-4B20-AA5F-048C5D47CFC9}.Debug|Any CPU.ActiveCfg = Debug|Any CPU
		{B42D5FE2-C763-4B20-AA5F-048C5D47CFC9}.Debug|Any CPU.Build.0 = Debug|Any CPU
		{B42D5FE2-C763-4B20-AA5F-048C5D47CFC9}.Release|Any CPU.ActiveCfg = Release|Any CPU
		{B42D5FE2-C763-4B20-AA5F-048C5D47CFC9}.Release|Any CPU.Build.0 = Release|Any CPU
	EndGlobalSection
	GlobalSection(SolutionProperties) = preSolution
		HideSolutionNode = FALSE
	EndGlobalSection
	GlobalSection(ExtensibilityGlobals) = postSolution
		SolutionGuid = {C1D9B732-1463-466B-B35E-B134713AE895}
	EndGlobalSection
EndGlobal
